// !$*UTF8*$!
{
	archiveVersion = 1;
	classes = {
	};
	objectVersion = 56;
	objects = {

/* Begin PBXBuildFile section */
		3C42808F2A5676CD00F288D6 /* CustomDump in Frameworks */ = {isa = PBXBuildFile; productRef = 3C42808E2A5676CD00F288D6 /* CustomDump */; };
		3C5979242A54124E002255E2 /* TestoriaApp.swift in Sources */ = {isa = PBXBuildFile; fileRef = 3C5979232A54124E002255E2 /* TestoriaApp.swift */; };
		3C5979262A54124E002255E2 /* ContentView.swift in Sources */ = {isa = PBXBuildFile; fileRef = 3C5979252A54124E002255E2 /* ContentView.swift */; };
		3C5979282A54124F002255E2 /* Assets.xcassets in Resources */ = {isa = PBXBuildFile; fileRef = 3C5979272A54124F002255E2 /* Assets.xcassets */; };
		3C59792B2A54124F002255E2 /* Preview Assets.xcassets in Resources */ = {isa = PBXBuildFile; fileRef = 3C59792A2A54124F002255E2 /* Preview Assets.xcassets */; };
		3C5979362A54124F002255E2 /* UseCaseTests.swift in Sources */ = {isa = PBXBuildFile; fileRef = 3C5979352A54124F002255E2 /* UseCaseTests.swift */; };
		3C5979402A54124F002255E2 /* TestoriaUITests.swift in Sources */ = {isa = PBXBuildFile; fileRef = 3C59793F2A54124F002255E2 /* TestoriaUITests.swift */; };
		3C5979422A54124F002255E2 /* TestoriaUITestsLaunchTests.swift in Sources */ = {isa = PBXBuildFile; fileRef = 3C5979412A54124F002255E2 /* TestoriaUITestsLaunchTests.swift */; };
		3C597B9B2A551B4E002255E2 /* UseCase.swift in Sources */ = {isa = PBXBuildFile; fileRef = 3C597B9A2A551B4E002255E2 /* UseCase.swift */; };
		3C597B9C2A551B51002255E2 /* ContentView.swift in Sources */ = {isa = PBXBuildFile; fileRef = 3C5979252A54124E002255E2 /* ContentView.swift */; };
/* End PBXBuildFile section */

/* Begin PBXContainerItemProxy section */
		3C5979322A54124F002255E2 /* PBXContainerItemProxy */ = {
			isa = PBXContainerItemProxy;
			containerPortal = 3C5979182A54124E002255E2 /* Project object */;
			proxyType = 1;
			remoteGlobalIDString = 3C59791F2A54124E002255E2;
			remoteInfo = Testoria;
		};
		3C59793C2A54124F002255E2 /* PBXContainerItemProxy */ = {
			isa = PBXContainerItemProxy;
			containerPortal = 3C5979182A54124E002255E2 /* Project object */;
			proxyType = 1;
			remoteGlobalIDString = 3C59791F2A54124E002255E2;
			remoteInfo = Testoria;
		};
/* End PBXContainerItemProxy section */

/* Begin PBXFileReference section */
		3C5979202A54124E002255E2 /* Testoria.app */ = {isa = PBXFileReference; explicitFileType = wrapper.application; includeInIndex = 0; path = Testoria.app; sourceTree = BUILT_PRODUCTS_DIR; };
		3C5979232A54124E002255E2 /* TestoriaApp.swift */ = {isa = PBXFileReference; lastKnownFileType = sourcecode.swift; path = TestoriaApp.swift; sourceTree = "<group>"; };
		3C5979252A54124E002255E2 /* ContentView.swift */ = {isa = PBXFileReference; lastKnownFileType = sourcecode.swift; path = ContentView.swift; sourceTree = "<group>"; };
		3C5979272A54124F002255E2 /* Assets.xcassets */ = {isa = PBXFileReference; lastKnownFileType = folder.assetcatalog; path = Assets.xcassets; sourceTree = "<group>"; };
		3C59792A2A54124F002255E2 /* Preview Assets.xcassets */ = {isa = PBXFileReference; lastKnownFileType = folder.assetcatalog; path = "Preview Assets.xcassets"; sourceTree = "<group>"; };
		3C59792C2A54124F002255E2 /* Testoria.entitlements */ = {isa = PBXFileReference; lastKnownFileType = text.plist.entitlements; path = Testoria.entitlements; sourceTree = "<group>"; };
		3C5979312A54124F002255E2 /* TestoriaTests.xctest */ = {isa = PBXFileReference; explicitFileType = wrapper.cfbundle; includeInIndex = 0; path = TestoriaTests.xctest; sourceTree = BUILT_PRODUCTS_DIR; };
		3C5979352A54124F002255E2 /* UseCaseTests.swift */ = {isa = PBXFileReference; lastKnownFileType = sourcecode.swift; path = UseCaseTests.swift; sourceTree = "<group>"; };
		3C59793B2A54124F002255E2 /* TestoriaUITests.xctest */ = {isa = PBXFileReference; explicitFileType = wrapper.cfbundle; includeInIndex = 0; path = TestoriaUITests.xctest; sourceTree = BUILT_PRODUCTS_DIR; };
		3C59793F2A54124F002255E2 /* TestoriaUITests.swift */ = {isa = PBXFileReference; lastKnownFileType = sourcecode.swift; path = TestoriaUITests.swift; sourceTree = "<group>"; };
		3C5979412A54124F002255E2 /* TestoriaUITestsLaunchTests.swift */ = {isa = PBXFileReference; lastKnownFileType = sourcecode.swift; path = TestoriaUITestsLaunchTests.swift; sourceTree = "<group>"; };
		3C597B9A2A551B4E002255E2 /* UseCase.swift */ = {isa = PBXFileReference; fileEncoding = 4; lastKnownFileType = sourcecode.swift; path = UseCase.swift; sourceTree = "<group>"; };
/* End PBXFileReference section */

/* Begin PBXFrameworksBuildPhase section */
		3C59791D2A54124E002255E2 /* Frameworks */ = {
			isa = PBXFrameworksBuildPhase;
			buildActionMask = 2147483647;
			files = (
				3C42808F2A5676CD00F288D6 /* CustomDump in Frameworks */,
			);
			runOnlyForDeploymentPostprocessing = 0;
		};
		3C59792E2A54124F002255E2 /* Frameworks */ = {
			isa = PBXFrameworksBuildPhase;
			buildActionMask = 2147483647;
			files = (
			);
			runOnlyForDeploymentPostprocessing = 0;
		};
		3C5979382A54124F002255E2 /* Frameworks */ = {
			isa = PBXFrameworksBuildPhase;
			buildActionMask = 2147483647;
			files = (
			);
			runOnlyForDeploymentPostprocessing = 0;
		};
/* End PBXFrameworksBuildPhase section */

/* Begin PBXGroup section */
		3C5979172A54124E002255E2 = {
			isa = PBXGroup;
			children = (
				3C5979222A54124E002255E2 /* Testoria */,
				3C5979342A54124F002255E2 /* TestoriaTests */,
				3C59793E2A54124F002255E2 /* TestoriaUITests */,
				3C5979212A54124E002255E2 /* Products */,
			);
			sourceTree = "<group>";
		};
		3C5979212A54124E002255E2 /* Products */ = {
			isa = PBXGroup;
			children = (
				3C5979202A54124E002255E2 /* Testoria.app */,
				3C5979312A54124F002255E2 /* TestoriaTests.xctest */,
				3C59793B2A54124F002255E2 /* TestoriaUITests.xctest */,
			);
			name = Products;
			sourceTree = "<group>";
		};
		3C5979222A54124E002255E2 /* Testoria */ = {
			isa = PBXGroup;
			children = (
				3C5979232A54124E002255E2 /* TestoriaApp.swift */,
				3C5979252A54124E002255E2 /* ContentView.swift */,
				3C597B9A2A551B4E002255E2 /* UseCase.swift */,
				3C5979272A54124F002255E2 /* Assets.xcassets */,
				3C59792C2A54124F002255E2 /* Testoria.entitlements */,
				3C5979292A54124F002255E2 /* Preview Content */,
			);
			path = Testoria;
			sourceTree = "<group>";
		};
		3C5979292A54124F002255E2 /* Preview Content */ = {
			isa = PBXGroup;
			children = (
				3C59792A2A54124F002255E2 /* Preview Assets.xcassets */,
			);
			path = "Preview Content";
			sourceTree = "<group>";
		};
		3C5979342A54124F002255E2 /* TestoriaTests */ = {
			isa = PBXGroup;
			children = (
				3C5979352A54124F002255E2 /* UseCaseTests.swift */,
			);
			path = TestoriaTests;
			sourceTree = "<group>";
		};
		3C59793E2A54124F002255E2 /* TestoriaUITests */ = {
			isa = PBXGroup;
			children = (
				3C59793F2A54124F002255E2 /* TestoriaUITests.swift */,
				3C5979412A54124F002255E2 /* TestoriaUITestsLaunchTests.swift */,
			);
			path = TestoriaUITests;
			sourceTree = "<group>";
		};
/* End PBXGroup section */

/* Begin PBXNativeTarget section */
		3C59791F2A54124E002255E2 /* Testoria */ = {
			isa = PBXNativeTarget;
			buildConfigurationList = 3C5979452A54124F002255E2 /* Build configuration list for PBXNativeTarget "Testoria" */;
			buildPhases = (
				3C59791C2A54124E002255E2 /* Sources */,
				3C59791D2A54124E002255E2 /* Frameworks */,
				3C59791E2A54124E002255E2 /* Resources */,
			);
			buildRules = (
			);
			dependencies = (
			);
			name = Testoria;
			packageProductDependencies = (
				3C42808E2A5676CD00F288D6 /* CustomDump */,
			);
			productName = Testoria;
			productReference = 3C5979202A54124E002255E2 /* Testoria.app */;
			productType = "com.apple.product-type.application";
		};
		3C5979302A54124F002255E2 /* TestoriaTests */ = {
			isa = PBXNativeTarget;
			buildConfigurationList = 3C5979482A54124F002255E2 /* Build configuration list for PBXNativeTarget "TestoriaTests" */;
			buildPhases = (
				3C59792D2A54124F002255E2 /* Sources */,
				3C59792E2A54124F002255E2 /* Frameworks */,
				3C59792F2A54124F002255E2 /* Resources */,
			);
			buildRules = (
			);
			dependencies = (
				3C5979332A54124F002255E2 /* PBXTargetDependency */,
			);
			name = TestoriaTests;
			productName = TestoriaTests;
			productReference = 3C5979312A54124F002255E2 /* TestoriaTests.xctest */;
			productType = "com.apple.product-type.bundle.unit-test";
		};
		3C59793A2A54124F002255E2 /* TestoriaUITests */ = {
			isa = PBXNativeTarget;
			buildConfigurationList = 3C59794B2A54124F002255E2 /* Build configuration list for PBXNativeTarget "TestoriaUITests" */;
			buildPhases = (
				3C5979372A54124F002255E2 /* Sources */,
				3C5979382A54124F002255E2 /* Frameworks */,
				3C5979392A54124F002255E2 /* Resources */,
			);
			buildRules = (
			);
			dependencies = (
				3C59793D2A54124F002255E2 /* PBXTargetDependency */,
			);
			name = TestoriaUITests;
			productName = TestoriaUITests;
			productReference = 3C59793B2A54124F002255E2 /* TestoriaUITests.xctest */;
			productType = "com.apple.product-type.bundle.ui-testing";
		};
/* End PBXNativeTarget section */

/* Begin PBXProject section */
		3C5979182A54124E002255E2 /* Project object */ = {
			isa = PBXProject;
			attributes = {
				BuildIndependentTargetsInParallel = 1;
				LastSwiftUpdateCheck = 1410;
				LastUpgradeCheck = 1410;
				TargetAttributes = {
					3C59791F2A54124E002255E2 = {
						CreatedOnToolsVersion = 14.1;
					};
					3C5979302A54124F002255E2 = {
						CreatedOnToolsVersion = 14.1;
						TestTargetID = 3C59791F2A54124E002255E2;
					};
					3C59793A2A54124F002255E2 = {
						CreatedOnToolsVersion = 14.1;
						TestTargetID = 3C59791F2A54124E002255E2;
					};
				};
			};
			buildConfigurationList = 3C59791B2A54124E002255E2 /* Build configuration list for PBXProject "Testoria" */;
			compatibilityVersion = "Xcode 14.0";
			developmentRegion = en;
			hasScannedForEncodings = 0;
			knownRegions = (
				en,
				Base,
			);
			mainGroup = 3C5979172A54124E002255E2;
			packageReferences = (
				3C42808D2A5676CD00F288D6 /* XCRemoteSwiftPackageReference "swift-custom-dump" */,
			);
			productRefGroup = 3C5979212A54124E002255E2 /* Products */;
			projectDirPath = "";
			projectRoot = "";
			targets = (
				3C59791F2A54124E002255E2 /* Testoria */,
				3C5979302A54124F002255E2 /* TestoriaTests */,
				3C59793A2A54124F002255E2 /* TestoriaUITests */,
			);
		};
/* End PBXProject section */

/* Begin PBXResourcesBuildPhase section */
		3C59791E2A54124E002255E2 /* Resources */ = {
			isa = PBXResourcesBuildPhase;
			buildActionMask = 2147483647;
			files = (
				3C59792B2A54124F002255E2 /* Preview Assets.xcassets in Resources */,
				3C5979282A54124F002255E2 /* Assets.xcassets in Resources */,
			);
			runOnlyForDeploymentPostprocessing = 0;
		};
		3C59792F2A54124F002255E2 /* Resources */ = {
			isa = PBXResourcesBuildPhase;
			buildActionMask = 2147483647;
			files = (
			);
			runOnlyForDeploymentPostprocessing = 0;
		};
		3C5979392A54124F002255E2 /* Resources */ = {
			isa = PBXResourcesBuildPhase;
			buildActionMask = 2147483647;
			files = (
			);
			runOnlyForDeploymentPostprocessing = 0;
		};
/* End PBXResourcesBuildPhase section */

/* Begin PBXSourcesBuildPhase section */
		3C59791C2A54124E002255E2 /* Sources */ = {
			isa = PBXSourcesBuildPhase;
			buildActionMask = 2147483647;
			files = (
				3C597B9B2A551B4E002255E2 /* UseCase.swift in Sources */,
				3C5979262A54124E002255E2 /* ContentView.swift in Sources */,
				3C5979242A54124E002255E2 /* TestoriaApp.swift in Sources */,
			);
			runOnlyForDeploymentPostprocessing = 0;
		};
		3C59792D2A54124F002255E2 /* Sources */ = {
			isa = PBXSourcesBuildPhase;
			buildActionMask = 2147483647;
			files = (
				3C597B9C2A551B51002255E2 /* ContentView.swift in Sources */,
				3C5979362A54124F002255E2 /* UseCaseTests.swift in Sources */,
			);
			runOnlyForDeploymentPostprocessing = 0;
		};
		3C5979372A54124F002255E2 /* Sources */ = {
			isa = PBXSourcesBuildPhase;
			buildActionMask = 2147483647;
			files = (
				3C5979422A54124F002255E2 /* TestoriaUITestsLaunchTests.swift in Sources */,
				3C5979402A54124F002255E2 /* TestoriaUITests.swift in Sources */,
			);
			runOnlyForDeploymentPostprocessing = 0;
		};
/* End PBXSourcesBuildPhase section */

/* Begin PBXTargetDependency section */
		3C5979332A54124F002255E2 /* PBXTargetDependency */ = {
			isa = PBXTargetDependency;
			target = 3C59791F2A54124E002255E2 /* Testoria */;
			targetProxy = 3C5979322A54124F002255E2 /* PBXContainerItemProxy */;
		};
		3C59793D2A54124F002255E2 /* PBXTargetDependency */ = {
			isa = PBXTargetDependency;
			target = 3C59791F2A54124E002255E2 /* Testoria */;
			targetProxy = 3C59793C2A54124F002255E2 /* PBXContainerItemProxy */;
		};
/* End PBXTargetDependency section */

/* Begin XCBuildConfiguration section */
		3C5979432A54124F002255E2 /* Debug */ = {
			isa = XCBuildConfiguration;
			buildSettings = {
				ALWAYS_SEARCH_USER_PATHS = NO;
				CLANG_ANALYZER_NONNULL = YES;
				CLANG_ANALYZER_NUMBER_OBJECT_CONVERSION = YES_AGGRESSIVE;
				CLANG_CXX_LANGUAGE_STANDARD = "gnu++20";
				CLANG_ENABLE_MODULES = YES;
				CLANG_ENABLE_OBJC_ARC = YES;
				CLANG_ENABLE_OBJC_WEAK = YES;
				CLANG_WARN_BLOCK_CAPTURE_AUTORELEASING = YES;
				CLANG_WARN_BOOL_CONVERSION = YES;
				CLANG_WARN_COMMA = YES;
				CLANG_WARN_CONSTANT_CONVERSION = YES;
				CLANG_WARN_DEPRECATED_OBJC_IMPLEMENTATIONS = YES;
				CLANG_WARN_DIRECT_OBJC_ISA_USAGE = YES_ERROR;
				CLANG_WARN_DOCUMENTATION_COMMENTS = YES;
				CLANG_WARN_EMPTY_BODY = YES;
				CLANG_WARN_ENUM_CONVERSION = YES;
				CLANG_WARN_INFINITE_RECURSION = YES;
				CLANG_WARN_INT_CONVERSION = YES;
				CLANG_WARN_NON_LITERAL_NULL_CONVERSION = YES;
				CLANG_WARN_OBJC_IMPLICIT_RETAIN_SELF = YES;
				CLANG_WARN_OBJC_LITERAL_CONVERSION = YES;
				CLANG_WARN_OBJC_ROOT_CLASS = YES_ERROR;
				CLANG_WARN_QUOTED_INCLUDE_IN_FRAMEWORK_HEADER = YES;
				CLANG_WARN_RANGE_LOOP_ANALYSIS = YES;
				CLANG_WARN_STRICT_PROTOTYPES = YES;
				CLANG_WARN_SUSPICIOUS_MOVE = YES;
				CLANG_WARN_UNGUARDED_AVAILABILITY = YES_AGGRESSIVE;
				CLANG_WARN_UNREACHABLE_CODE = YES;
				CLANG_WARN__DUPLICATE_METHOD_MATCH = YES;
				COPY_PHASE_STRIP = NO;
				DEBUG_INFORMATION_FORMAT = dwarf;
				ENABLE_STRICT_OBJC_MSGSEND = YES;
				ENABLE_TESTABILITY = YES;
				GCC_C_LANGUAGE_STANDARD = gnu11;
				GCC_DYNAMIC_NO_PIC = NO;
				GCC_NO_COMMON_BLOCKS = YES;
				GCC_OPTIMIZATION_LEVEL = 0;
				GCC_PREPROCESSOR_DEFINITIONS = (
					"DEBUG=1",
					"$(inherited)",
				);
				GCC_WARN_64_TO_32_BIT_CONVERSION = YES;
				GCC_WARN_ABOUT_RETURN_TYPE = YES_ERROR;
				GCC_WARN_UNDECLARED_SELECTOR = YES;
				GCC_WARN_UNINITIALIZED_AUTOS = YES_AGGRESSIVE;
				GCC_WARN_UNUSED_FUNCTION = YES;
				GCC_WARN_UNUSED_VARIABLE = YES;
				MACOSX_DEPLOYMENT_TARGET = 13.0;
				MTL_ENABLE_DEBUG_INFO = INCLUDE_SOURCE;
				MTL_FAST_MATH = YES;
				ONLY_ACTIVE_ARCH = YES;
				SDKROOT = macosx;
				SWIFT_ACTIVE_COMPILATION_CONDITIONS = DEBUG;
				SWIFT_OPTIMIZATION_LEVEL = "-Onone";
			};
			name = Debug;
		};
		3C5979442A54124F002255E2 /* Release */ = {
			isa = XCBuildConfiguration;
			buildSettings = {
				ALWAYS_SEARCH_USER_PATHS = NO;
				CLANG_ANALYZER_NONNULL = YES;
				CLANG_ANALYZER_NUMBER_OBJECT_CONVERSION = YES_AGGRESSIVE;
				CLANG_CXX_LANGUAGE_STANDARD = "gnu++20";
				CLANG_ENABLE_MODULES = YES;
				CLANG_ENABLE_OBJC_ARC = YES;
				CLANG_ENABLE_OBJC_WEAK = YES;
				CLANG_WARN_BLOCK_CAPTURE_AUTORELEASING = YES;
				CLANG_WARN_BOOL_CONVERSION = YES;
				CLANG_WARN_COMMA = YES;
				CLANG_WARN_CONSTANT_CONVERSION = YES;
				CLANG_WARN_DEPRECATED_OBJC_IMPLEMENTATIONS = YES;
				CLANG_WARN_DIRECT_OBJC_ISA_USAGE = YES_ERROR;
				CLANG_WARN_DOCUMENTATION_COMMENTS = YES;
				CLANG_WARN_EMPTY_BODY = YES;
				CLANG_WARN_ENUM_CONVERSION = YES;
				CLANG_WARN_INFINITE_RECURSION = YES;
				CLANG_WARN_INT_CONVERSION = YES;
				CLANG_WARN_NON_LITERAL_NULL_CONVERSION = YES;
				CLANG_WARN_OBJC_IMPLICIT_RETAIN_SELF = YES;
				CLANG_WARN_OBJC_LITERAL_CONVERSION = YES;
				CLANG_WARN_OBJC_ROOT_CLASS = YES_ERROR;
				CLANG_WARN_QUOTED_INCLUDE_IN_FRAMEWORK_HEADER = YES;
				CLANG_WARN_RANGE_LOOP_ANALYSIS = YES;
				CLANG_WARN_STRICT_PROTOTYPES = YES;
				CLANG_WARN_SUSPICIOUS_MOVE = YES;
				CLANG_WARN_UNGUARDED_AVAILABILITY = YES_AGGRESSIVE;
				CLANG_WARN_UNREACHABLE_CODE = YES;
				CLANG_WARN__DUPLICATE_METHOD_MATCH = YES;
				COPY_PHASE_STRIP = NO;
				DEBUG_INFORMATION_FORMAT = "dwarf-with-dsym";
				ENABLE_NS_ASSERTIONS = NO;
				ENABLE_STRICT_OBJC_MSGSEND = YES;
				GCC_C_LANGUAGE_STANDARD = gnu11;
				GCC_NO_COMMON_BLOCKS = YES;
				GCC_WARN_64_TO_32_BIT_CONVERSION = YES;
				GCC_WARN_ABOUT_RETURN_TYPE = YES_ERROR;
				GCC_WARN_UNDECLARED_SELECTOR = YES;
				GCC_WARN_UNINITIALIZED_AUTOS = YES_AGGRESSIVE;
				GCC_WARN_UNUSED_FUNCTION = YES;
				GCC_WARN_UNUSED_VARIABLE = YES;
				MACOSX_DEPLOYMENT_TARGET = 13.0;
				MTL_ENABLE_DEBUG_INFO = NO;
				MTL_FAST_MATH = YES;
				SDKROOT = macosx;
				SWIFT_COMPILATION_MODE = wholemodule;
				SWIFT_OPTIMIZATION_LEVEL = "-O";
			};
			name = Release;
		};
		3C5979462A54124F002255E2 /* Debug */ = {
			isa = XCBuildConfiguration;
			buildSettings = {
				ASSETCATALOG_COMPILER_APPICON_NAME = AppIcon;
				ASSETCATALOG_COMPILER_GLOBAL_ACCENT_COLOR_NAME = AccentColor;
				CODE_SIGN_ENTITLEMENTS = Testoria/Testoria.entitlements;
				CODE_SIGN_STYLE = Automatic;
				COMBINE_HIDPI_IMAGES = YES;
				CURRENT_PROJECT_VERSION = 1;
				DEVELOPMENT_ASSET_PATHS = "\"Testoria/Preview Content\"";
				ENABLE_PREVIEWS = YES;
				GENERATE_INFOPLIST_FILE = YES;
				INFOPLIST_KEY_NSHumanReadableCopyright = "";
				LD_RUNPATH_SEARCH_PATHS = (
					"$(inherited)",
					"@executable_path/../Frameworks",
				);
				MARKETING_VERSION = 1.0;
				PRODUCT_BUNDLE_IDENTIFIER = uncle.alek.Testoria;
				PRODUCT_NAME = "$(TARGET_NAME)";
				SWIFT_EMIT_LOC_STRINGS = YES;
				SWIFT_VERSION = 5.0;
			};
			name = Debug;
		};
		3C5979472A54124F002255E2 /* Release */ = {
			isa = XCBuildConfiguration;
			buildSettings = {
				ASSETCATALOG_COMPILER_APPICON_NAME = AppIcon;
				ASSETCATALOG_COMPILER_GLOBAL_ACCENT_COLOR_NAME = AccentColor;
				CODE_SIGN_ENTITLEMENTS = Testoria/Testoria.entitlements;
				CODE_SIGN_STYLE = Automatic;
				COMBINE_HIDPI_IMAGES = YES;
				CURRENT_PROJECT_VERSION = 1;
				DEVELOPMENT_ASSET_PATHS = "\"Testoria/Preview Content\"";
				ENABLE_PREVIEWS = YES;
				GENERATE_INFOPLIST_FILE = YES;
				INFOPLIST_KEY_NSHumanReadableCopyright = "";
				LD_RUNPATH_SEARCH_PATHS = (
					"$(inherited)",
					"@executable_path/../Frameworks",
				);
				MARKETING_VERSION = 1.0;
				PRODUCT_BUNDLE_IDENTIFIER = uncle.alek.Testoria;
				PRODUCT_NAME = "$(TARGET_NAME)";
				SWIFT_EMIT_LOC_STRINGS = YES;
				SWIFT_VERSION = 5.0;
			};
			name = Release;
		};
		3C5979492A54124F002255E2 /* Debug */ = {
			isa = XCBuildConfiguration;
			buildSettings = {
				ALWAYS_EMBED_SWIFT_STANDARD_LIBRARIES = YES;
				BUNDLE_LOADER = "$(TEST_HOST)";
				CODE_SIGN_STYLE = Automatic;
				CURRENT_PROJECT_VERSION = 1;
				GENERATE_INFOPLIST_FILE = YES;
				MACOSX_DEPLOYMENT_TARGET = 13.0;
				MARKETING_VERSION = 1.0;
				PRODUCT_BUNDLE_IDENTIFIER = uncle.alek.TestoriaTests;
				PRODUCT_NAME = "$(TARGET_NAME)";
				SWIFT_EMIT_LOC_STRINGS = NO;
				SWIFT_VERSION = 5.0;
				TEST_HOST = "$(BUILT_PRODUCTS_DIR)/Testoria.app/$(BUNDLE_EXECUTABLE_FOLDER_PATH)/Testoria";
			};
			name = Debug;
		};
		3C59794A2A54124F002255E2 /* Release */ = {
			isa = XCBuildConfiguration;
			buildSettings = {
				ALWAYS_EMBED_SWIFT_STANDARD_LIBRARIES = YES;
				BUNDLE_LOADER = "$(TEST_HOST)";
				CODE_SIGN_STYLE = Automatic;
				CURRENT_PROJECT_VERSION = 1;
				GENERATE_INFOPLIST_FILE = YES;
				MACOSX_DEPLOYMENT_TARGET = 13.0;
				MARKETING_VERSION = 1.0;
				PRODUCT_BUNDLE_IDENTIFIER = uncle.alek.TestoriaTests;
				PRODUCT_NAME = "$(TARGET_NAME)";
				SWIFT_EMIT_LOC_STRINGS = NO;
				SWIFT_VERSION = 5.0;
				TEST_HOST = "$(BUILT_PRODUCTS_DIR)/Testoria.app/$(BUNDLE_EXECUTABLE_FOLDER_PATH)/Testoria";
			};
			name = Release;
		};
		3C59794C2A54124F002255E2 /* Debug */ = {
			isa = XCBuildConfiguration;
			buildSettings = {
				ALWAYS_EMBED_SWIFT_STANDARD_LIBRARIES = YES;
				CODE_SIGN_STYLE = Automatic;
				CURRENT_PROJECT_VERSION = 1;
				GENERATE_INFOPLIST_FILE = YES;
				MARKETING_VERSION = 1.0;
				PRODUCT_BUNDLE_IDENTIFIER = uncle.alek.TestoriaUITests;
				PRODUCT_NAME = "$(TARGET_NAME)";
				SWIFT_EMIT_LOC_STRINGS = NO;
				SWIFT_VERSION = 5.0;
				TEST_TARGET_NAME = Testoria;
			};
			name = Debug;
		};
		3C59794D2A54124F002255E2 /* Release */ = {
			isa = XCBuildConfiguration;
			buildSettings = {
				ALWAYS_EMBED_SWIFT_STANDARD_LIBRARIES = YES;
				CODE_SIGN_STYLE = Automatic;
				CURRENT_PROJECT_VERSION = 1;
				GENERATE_INFOPLIST_FILE = YES;
				MARKETING_VERSION = 1.0;
				PRODUCT_BUNDLE_IDENTIFIER = uncle.alek.TestoriaUITests;
				PRODUCT_NAME = "$(TARGET_NAME)";
				SWIFT_EMIT_LOC_STRINGS = NO;
				SWIFT_VERSION = 5.0;
				TEST_TARGET_NAME = Testoria;
			};
			name = Release;
		};
/* End XCBuildConfiguration section */

/* Begin XCConfigurationList section */
		3C59791B2A54124E002255E2 /* Build configuration list for PBXProject "Testoria" */ = {
			isa = XCConfigurationList;
			buildConfigurations = (
				3C5979432A54124F002255E2 /* Debug */,
				3C5979442A54124F002255E2 /* Release */,
			);
			defaultConfigurationIsVisible = 0;
			defaultConfigurationName = Release;
		};
		3C5979452A54124F002255E2 /* Build configuration list for PBXNativeTarget "Testoria" */ = {
			isa = XCConfigurationList;
			buildConfigurations = (
				3C5979462A54124F002255E2 /* Debug */,
				3C5979472A54124F002255E2 /* Release */,
			);
			defaultConfigurationIsVisible = 0;
			defaultConfigurationName = Release;
		};
		3C5979482A54124F002255E2 /* Build configuration list for PBXNativeTarget "TestoriaTests" */ = {
			isa = XCConfigurationList;
			buildConfigurations = (
				3C5979492A54124F002255E2 /* Debug */,
				3C59794A2A54124F002255E2 /* Release */,
			);
			defaultConfigurationIsVisible = 0;
			defaultConfigurationName = Release;
		};
		3C59794B2A54124F002255E2 /* Build configuration list for PBXNativeTarget "TestoriaUITests" */ = {
			isa = XCConfigurationList;
			buildConfigurations = (
				3C59794C2A54124F002255E2 /* Debug */,
				3C59794D2A54124F002255E2 /* Release */,
			);
			defaultConfigurationIsVisible = 0;
			defaultConfigurationName = Release;
		};
/* End XCConfigurationList section */

/* Begin XCRemoteSwiftPackageReference section */
		3C42808D2A5676CD00F288D6 /* XCRemoteSwiftPackageReference "swift-custom-dump" */ = {
			isa = XCRemoteSwiftPackageReference;
			repositoryURL = "https://github.com/pointfreeco/swift-custom-dump";
			requirement = {
				kind = upToNextMajorVersion;
				minimumVersion = 0.9.1;
			};
		};
/* End XCRemoteSwiftPackageReference section */

/* Begin XCSwiftPackageProductDependency section */
		3C42808E2A5676CD00F288D6 /* CustomDump */ = {
			isa = XCSwiftPackageProductDependency;
			package = 3C42808D2A5676CD00F288D6 /* XCRemoteSwiftPackageReference "swift-custom-dump" */;
			productName = CustomDump;
		};
/* End XCSwiftPackageProductDependency section */
	};
	rootObject = 3C5979182A54124E002255E2 /* Project object */;
}
